<?xml version="1.0"?>
<CONFIG>
  <ProjectOptions>
    <Version Value="9"/>
    <PathDelim Value="\"/>
    <General>
      <SessionStorage Value="InProjectDir"/>
      <MainUnit Value="0"/>
      <Title Value="lazproj"/>
      <ResourceType Value="res"/>
      <UseXPManifest Value="True"/>
      <Icon Value="0"/>
    </General>
    <i18n>
      <EnableI18N LFM="False"/>
    </i18n>
    <VersionInfo>
      <StringTable ProductVersion=""/>
    </VersionInfo>
    <BuildModes Count="1">
      <Item1 Name="Default" Default="True"/>
    </BuildModes>
    <PublishOptions>
      <Version Value="2"/>
      <IncludeFileFilter Value="*.(pas|pp|inc|lfm|lpr|lrs|lpi|lpk|sh|xml)"/>
      <ExcludeFileFilter Value="*.(bak|ppu|o|so);*~;backup"/>
    </PublishOptions>
    <RunParams>
      <local>
        <FormatVersion Value="1"/>
      </local>
    </RunParams>
    <RequiredPackages Count="1">
      <Item1>
        <PackageName Value="LCL"/>
      </Item1>
    </RequiredPackages>
    <Units Count="11">
      <Unit0>
        <Filename Value="lazproj.lpr"/>
        <IsPartOfProject Value="True"/>
        <UnitName Value="lazproj"/>
      </Unit0>
      <Unit1>
        <Filename Value="umain.pas"/>
        <IsPartOfProject Value="True"/>
        <ComponentName Value="frmMain"/>
        <HasResources Value="True"/>
        <ResourceBaseClass Value="Form"/>
        <UnitName Value="umain"/>
      </Unit1>
      <Unit2>
        <Filename Value="uselfconst.pas"/>
        <IsPartOfProject Value="True"/>
        <UnitName Value="uselfconst"/>
      </Unit2>
      <Unit3>
        <Filename Value="uselfvar.pas"/>
        <IsPartOfProject Value="True"/>
        <UnitName Value="uselfvar"/>
      </Unit3>
      <Unit4>
        <Filename Value="uselffunction.pas"/>
        <IsPartOfProject Value="True"/>
        <UnitName Value="uselffunction"/>
      </Unit4>
      <Unit5>
        <Filename Value="uselfconfig.pas"/>
        <IsPartOfProject Value="True"/>
        <UnitName Value="uselfconfig"/>
      </Unit5>
      <Unit6>
        <Filename Value="uselftype.pas"/>
        <IsPartOfProject Value="True"/>
        <UnitName Value="uselftype"/>
      </Unit6>
      <Unit7>
        <Filename Value="..\..\publicunit\upublictype.pas"/>
        <IsPartOfProject Value="True"/>
        <UnitName Value="upublictype"/>
      </Unit7>
      <Unit8>
        <Filename Value="..\..\publicunit\upublicvar.pas"/>
        <IsPartOfProject Value="True"/>
        <UnitName Value="upublicvar"/>
      </Unit8>
      <Unit9>
        <Filename Value="..\..\publicunit\upublicconst.pas"/>
        <IsPartOfProject Value="True"/>
        <UnitName Value="upublicconst"/>
      </Unit9>
      <Unit10>
        <Filename Value="..\..\publicunit\upublicfunction.pas"/>
        <IsPartOfProject Value="True"/>
        <UnitName Value="upublicfunction"/>
      </Unit10>
    </Units>
  </ProjectOptions>
  <CompilerOptions>
    <Version Value="11"/>
    <PathDelim Value="\"/>
    <Target>
      <Filename Value="..\..\bin\lazproj"/>
    </Target>
    <SearchPaths>
      <IncludeFiles Value="$(ProjOutDir)"/>
      <OtherUnitFiles Value="..\..\publicunit"/>
      <UnitOutputDirectory Value="..\lib\$(TargetCPU)-$(TargetOS)"/>
    </SearchPaths>
    <CodeGeneration>
      <Optimizations>
        <OptimizationLevel Value="3"/>
      </Optimizations>
    </CodeGeneration>
    <Linking>
      <Debugging>
        <UseHeaptrc Value="True"/>
        <StripSymbols Value="True"/>
      </Debugging>
      <LinkSmart Value="True"/>
      <Options>
        <Win32>
          <GraphicApplication Value="True"/>
        </Win32>
      </Options>
    </Linking>
    <Other>
      <CompilerMessages>
        <MsgFileName Value=""/>
      </CompilerMessages>
      <CustomOptions Value="-dUseCThreads"/>
      <CompilerPath Value="$(CompPath)"/>
    </Other>
  </CompilerOptions>
  <Debugging>
    <Exceptions Count="3">
      <Item1>
        <Name Value="EAbort"/>
      </Item1>
      <Item2>
        <Name Value="ECodetoolError"/>
      </Item2>
      <Item3>
        <Name Value="EFOpenError"/>
      </Item3>
    </Exceptions>
  </Debugging>
</CONFIG>
